
Microsoft Visual Studio Solution File, Format Version 12.00
# Visual Studio Version 16
VisualStudioVersion = 16.0.31911.196
MinimumVisualStudioVersion = 10.0.40219.1
Project("{FAE04EC0-301F-11D3-BF4B-00C04F79EFBC}") = "TaskMenager", "TaskMenager\TaskMenager.csproj", "{6645803C-1309-4651-9926-0A8E2DB687B3}"
EndProject
Global
	GlobalSection(SolutionConfigurationPlatforms) = preSolution
		Debug|Any CPU = Debug|Any CPU
		Release|Any CPU = Release|Any CPU
	EndGlobalSection
	GlobalSection(ProjectConfigurationPlatforms) = postSolution
		{6645803C-1309-4651-9926-0A8E2DB687B3}.Debug|Any CPU.ActiveCfg = Debug|Any CPU
		{6645803C-1309-4651-9926-0A8E2DB687B3}.Debug|Any CPU.Build.0 = Debug|Any CPU
		{6645803C-1309-4651-9926-0A8E2DB687B3}.Release|Any CPU.ActiveCfg = Release|Any CPU
		{6645803C-1309-4651-9926-0A8E2DB687B3}.Release|Any CPU.Build.0 = Release|Any CPU
	EndGlobalSection
	GlobalSection(SolutionProperties) = preSolution
		HideSolutionNode = FALSE
	EndGlobalSection
	GlobalSection(ExtensibilityGlobals) = postSolution
		SolutionGuid = {43906975-34C1-41F0-B9B9-B2F4285560EB}
	EndGlobalSection
EndGlobal
